
Microsoft Visual Studio Solution File, Format Version 12.00
# Visual Studio Version 16
VisualStudioVersion = 16.0.32901.82
MinimumVisualStudioVersion = 10.0.40219.1
Project("{FAE04EC0-301F-11D3-BF4B-00C04F79EFBC}") = "longest increasing subsequence", "longest increasing subsequence\longest increasing subsequence.csproj", "{F2F2F81E-AF78-4FE6-A166-DFF31384CC31}"
EndProject
Global
	GlobalSection(SolutionConfigurationPlatforms) = preSolution
		Debug|Any CPU = Debug|Any CPU
		Release|Any CPU = Release|Any CPU
	EndGlobalSection
	GlobalSection(ProjectConfigurationPlatforms) = postSolution
		{F2F2F81E-AF78-4FE6-A166-DFF31384CC31}.Debug|Any CPU.ActiveCfg = Debug|Any CPU
		{F2F2F81E-AF78-4FE6-A166-DFF31384CC31}.Debug|Any CPU.Build.0 = Debug|Any CPU
		{F2F2F81E-AF78-4FE6-A166-DFF31384CC31}.Release|Any CPU.ActiveCfg = Release|Any CPU
		{F2F2F81E-AF78-4FE6-A166-DFF31384CC31}.Release|Any CPU.Build.0 = Release|Any CPU
	EndGlobalSection
	GlobalSection(SolutionProperties) = preSolution
		HideSolutionNode = FALSE
	EndGlobalSection
	GlobalSection(ExtensibilityGlobals) = postSolution
		SolutionGuid = {B76A94B0-A373-487B-8B25-5B0A27D792CD}
	EndGlobalSection
EndGlobal
